
Microsoft Visual Studio Solution File, Format Version 12.00
# Visual Studio 15
VisualStudioVersion = 15.0.27130.2010
MinimumVisualStudioVersion = 10.0.40219.1
Project("{FAE04EC0-301F-11D3-BF4B-00C04F79EFBC}") = "DeviceDataInputApp", "DeviceDataInputApp\DeviceDataInputApp.csproj", "{4B723B2F-3AED-418D-94A6-E4EACEB8BF2B}"
EndProject
Global
	GlobalSection(SolutionConfigurationPlatforms) = preSolution
		Debug|Any CPU = Debug|Any CPU
		Release|Any CPU = Release|Any CPU
	EndGlobalSection
	GlobalSection(ProjectConfigurationPlatforms) = postSolution
		{4B723B2F-3AED-418D-94A6-E4EACEB8BF2B}.Debug|Any CPU.ActiveCfg = Debug|Any CPU
		{4B723B2F-3AED-418D-94A6-E4EACEB8BF2B}.Debug|Any CPU.Build.0 = Debug|Any CPU
		{4B723B2F-3AED-418D-94A6-E4EACEB8BF2B}.Release|Any CPU.ActiveCfg = Release|Any CPU
		{4B723B2F-3AED-418D-94A6-E4EACEB8BF2B}.Release|Any CPU.Build.0 = Release|Any CPU
	EndGlobalSection
	GlobalSection(SolutionProperties) = preSolution
		HideSolutionNode = FALSE
	EndGlobalSection
	GlobalSection(ExtensibilityGlobals) = postSolution
		SolutionGuid = {38C359C8-69FC-4DF2-B902-7FD8D9E9C136}
	EndGlobalSection
EndGlobal
